
Microsoft Visual Studio Solution File, Format Version 12.00
# Visual Studio 14
VisualStudioVersion = 14.0.25420.1
MinimumVisualStudioVersion = 10.0.40219.1
Project("{8BC9CEB8-8B4A-11D0-8D11-00A0C91BC942}") = "opencv_caffe", "opencv_caffe\opencv_caffe.vcxproj", "{4A2F2B8D-5247-411A-AE86-00A261482ABA}"
EndProject
Project("{8BC9CEB8-8B4A-11D0-8D11-00A0C91BC942}") = "object_detection", "object_detection\object_detection.vcxproj", "{F91557D8-5344-46C2-96FC-970B41B64957}"
EndProject
Global
	GlobalSection(SolutionConfigurationPlatforms) = preSolution
		Debug|x64 = Debug|x64
		Debug|x86 = Debug|x86
		Release|x64 = Release|x64
		Release|x86 = Release|x86
	EndGlobalSection
	GlobalSection(ProjectConfigurationPlatforms) = postSolution
		{4A2F2B8D-5247-411A-AE86-00A261482ABA}.Debug|x64.ActiveCfg = Debug|x64
		{4A2F2B8D-5247-411A-AE86-00A261482ABA}.Debug|x64.Build.0 = Debug|x64
		{4A2F2B8D-5247-411A-AE86-00A261482ABA}.Debug|x86.ActiveCfg = Debug|Win32
		{4A2F2B8D-5247-411A-AE86-00A261482ABA}.Debug|x86.Build.0 = Debug|Win32
		{4A2F2B8D-5247-411A-AE86-00A261482ABA}.Release|x64.ActiveCfg = Release|x64
		{4A2F2B8D-5247-411A-AE86-00A261482ABA}.Release|x64.Build.0 = Release|x64
		{4A2F2B8D-5247-411A-AE86-00A261482ABA}.Release|x86.ActiveCfg = Release|Win32
		{4A2F2B8D-5247-411A-AE86-00A261482ABA}.Release|x86.Build.0 = Release|Win32
		{F91557D8-5344-46C2-96FC-970B41B64957}.Debug|x64.ActiveCfg = Debug|x64
		{F91557D8-5344-46C2-96FC-970B41B64957}.Debug|x64.Build.0 = Debug|x64
		{F91557D8-5344-46C2-96FC-970B41B64957}.Debug|x86.ActiveCfg = Debug|Win32
		{F91557D8-5344-46C2-96FC-970B41B64957}.Debug|x86.Build.0 = Debug|Win32
		{F91557D8-5344-46C2-96FC-970B41B64957}.Release|x64.ActiveCfg = Release|x64
		{F91557D8-5344-46C2-96FC-970B41B64957}.Release|x64.Build.0 = Release|x64
		{F91557D8-5344-46C2-96FC-970B41B64957}.Release|x86.ActiveCfg = Release|Win32
		{F91557D8-5344-46C2-96FC-970B41B64957}.Release|x86.Build.0 = Release|Win32
	EndGlobalSection
	GlobalSection(SolutionProperties) = preSolution
		HideSolutionNode = FALSE
	EndGlobalSection
	GlobalSection(ExtensibilityGlobals) = postSolution
		SolutionGuid = {8A4CC2D2-FCD8-4A7A-A230-0CAB56E8DD06}
	EndGlobalSection
EndGlobal
